{
  "version": 4,
  "terraform_version": "0.12.5",
  "serial": 172,
  "lineage": "4297de74-d8ae-1d04-af32-ed08fdac152d",
  "outputs": {},
  "resources": [
    {
      "mode": "data",
      "type": "aws_iam_policy_document",
      "name": "alb_log",
      "provider": "provider.aws",
      "instances": [
        {
          "schema_version": 0,
          "attributes": {
            "id": "4158487214",
            "json": "{\n  \"Version\": \"2012-10-17\",\n  \"Statement\": [\n    {\n      \"Sid\": \"\",\n      \"Effect\": \"Allow\",\n      \"Action\": \"s3:PutObject\",\n      \"Resource\": \"arn:aws:s3:::sandbox-sasaki-log-pragmatic-terraform/*\",\n      \"Principal\": {\n        \"AWS\": \"290549413819\"\n      }\n    }\n  ]\n}",
            "override_json": null,
            "policy_id": null,
            "source_json": null,
            "statement": [
              {
                "actions": [
                  "s3:PutObject"
                ],
                "condition": [],
                "effect": "Allow",
                "not_actions": [],
                "not_principals": [],
                "not_resources": [],
                "principals": [
                  {
                    "identifiers": [
                      "290549413819"
                    ],
                    "type": "AWS"
                  }
                ],
                "resources": [
                  "arn:aws:s3:::sandbox-sasaki-log-pragmatic-terraform/*"
                ],
                "sid": ""
              }
            ],
            "version": "2012-10-17"
          },
          "depends_on": [
            "aws_s3_bucket.alb_log"
          ]
        }
      ]
    },
    {
      "mode": "managed",
      "type": "aws_internet_gateway",
      "name": "example",
      "provider": "provider.aws",
      "instances": [
        {
          "status": "tainted",
          "schema_version": 0,
          "attributes": {
            "id": "igw-0f644f998e5cf60b6",
            "owner_id": null,
            "tags": {
              "Name": "example"
            },
            "vpc_id": "vpc-079f362a5a97f0035"
          },
          "private": "bnVsbA==",
          "depends_on": [
            "aws_vpc.example"
          ]
        }
      ]
    },
    {
      "mode": "managed",
      "type": "aws_s3_bucket",
      "name": "alb_log",
      "provider": "provider.aws",
      "instances": [
        {
          "schema_version": 0,
          "attributes": {
            "acceleration_status": "",
            "acl": "private",
            "arn": "arn:aws:s3:::sandbox-sasaki-log-pragmatic-terraform",
            "bucket": "sandbox-sasaki-log-pragmatic-terraform",
            "bucket_domain_name": "sandbox-sasaki-log-pragmatic-terraform.s3.amazonaws.com",
            "bucket_prefix": null,
            "bucket_regional_domain_name": "sandbox-sasaki-log-pragmatic-terraform.s3.ap-northeast-1.amazonaws.com",
            "cors_rule": [],
            "force_destroy": false,
            "hosted_zone_id": "Z2M4EHUR26P7ZW",
            "id": "sandbox-sasaki-log-pragmatic-terraform",
            "lifecycle_rule": [
              {
                "abort_incomplete_multipart_upload_days": 0,
                "enabled": true,
                "expiration": [
                  {
                    "date": "",
                    "days": 180,
                    "expired_object_delete_marker": false
                  }
                ],
                "id": "tf-s3-lifecycle-20210605143631063300000001",
                "noncurrent_version_expiration": [],
                "noncurrent_version_transition": [],
                "prefix": "",
                "tags": {},
                "transition": []
              }
            ],
            "logging": [],
            "object_lock_configuration": [],
            "policy": null,
            "region": "ap-northeast-1",
            "replication_configuration": [],
            "request_payer": "BucketOwner",
            "server_side_encryption_configuration": [],
            "tags": {},
            "versioning": [
              {
                "enabled": false,
                "mfa_delete": false
              }
            ],
            "website": [],
            "website_domain": null,
            "website_endpoint": null
          },
          "private": "bnVsbA=="
        }
      ]
    },
    {
      "mode": "managed",
      "type": "aws_s3_bucket",
      "name": "private",
      "provider": "provider.aws",
      "instances": [
        {
          "schema_version": 0,
          "attributes": {
            "acceleration_status": "",
            "acl": "private",
            "arn": "arn:aws:s3:::sandbox-sasaki-private-pragmatic-terraform",
            "bucket": "sandbox-sasaki-private-pragmatic-terraform",
            "bucket_domain_name": "sandbox-sasaki-private-pragmatic-terraform.s3.amazonaws.com",
            "bucket_prefix": null,
            "bucket_regional_domain_name": "sandbox-sasaki-private-pragmatic-terraform.s3.ap-northeast-1.amazonaws.com",
            "cors_rule": [],
            "force_destroy": false,
            "hosted_zone_id": "Z2M4EHUR26P7ZW",
            "id": "sandbox-sasaki-private-pragmatic-terraform",
            "lifecycle_rule": [],
            "logging": [],
            "object_lock_configuration": [],
            "policy": null,
            "region": "ap-northeast-1",
            "replication_configuration": [],
            "request_payer": "BucketOwner",
            "server_side_encryption_configuration": [
              {
                "rule": [
                  {
                    "apply_server_side_encryption_by_default": [
                      {
                        "kms_master_key_id": "",
                        "sse_algorithm": "AES256"
                      }
                    ]
                  }
                ]
              }
            ],
            "tags": {},
            "versioning": [
              {
                "enabled": true,
                "mfa_delete": false
              }
            ],
            "website": [],
            "website_domain": null,
            "website_endpoint": null
          },
          "private": "bnVsbA=="
        }
      ]
    },
    {
      "mode": "managed",
      "type": "aws_s3_bucket",
      "name": "public",
      "provider": "provider.aws",
      "instances": [
        {
          "schema_version": 0,
          "attributes": {
            "acceleration_status": "",
            "acl": "public-read",
            "arn": "arn:aws:s3:::sandbox-sasaki-public-pragmatic-terraform",
            "bucket": "sandbox-sasaki-public-pragmatic-terraform",
            "bucket_domain_name": "sandbox-sasaki-public-pragmatic-terraform.s3.amazonaws.com",
            "bucket_prefix": null,
            "bucket_regional_domain_name": "sandbox-sasaki-public-pragmatic-terraform.s3.ap-northeast-1.amazonaws.com",
            "cors_rule": [
              {
                "allowed_headers": [
                  "*"
                ],
                "allowed_methods": [
                  "GET"
                ],
                "allowed_origins": [
                  "https://example.com"
                ],
                "expose_headers": [],
                "max_age_seconds": 3000
              }
            ],
            "force_destroy": false,
            "hosted_zone_id": "Z2M4EHUR26P7ZW",
            "id": "sandbox-sasaki-public-pragmatic-terraform",
            "lifecycle_rule": [],
            "logging": [],
            "object_lock_configuration": [],
            "policy": null,
            "region": "ap-northeast-1",
            "replication_configuration": [],
            "request_payer": "BucketOwner",
            "server_side_encryption_configuration": [],
            "tags": {},
            "versioning": [
              {
                "enabled": false,
                "mfa_delete": false
              }
            ],
            "website": [],
            "website_domain": null,
            "website_endpoint": null
          },
          "private": "bnVsbA=="
        }
      ]
    },
    {
      "mode": "managed",
      "type": "aws_s3_bucket_policy",
      "name": "alb_log",
      "provider": "provider.aws",
      "instances": [
        {
          "schema_version": 0,
          "attributes": {
            "bucket": "sandbox-sasaki-log-pragmatic-terraform",
            "id": "sandbox-sasaki-log-pragmatic-terraform",
            "policy": "{\"Version\":\"2012-10-17\",\"Statement\":[{\"Sid\":\"\",\"Effect\":\"Allow\",\"Principal\":{\"AWS\":\"arn:aws:iam::290549413819:root\"},\"Action\":\"s3:PutObject\",\"Resource\":\"arn:aws:s3:::sandbox-sasaki-log-pragmatic-terraform/*\"}]}"
          },
          "private": "bnVsbA==",
          "depends_on": [
            "aws_s3_bucket.alb_log",
            "data.aws_iam_policy_document.alb_log"
          ]
        }
      ]
    },
    {
      "mode": "managed",
      "type": "aws_s3_bucket_public_access_block",
      "name": "private",
      "provider": "provider.aws",
      "instances": [
        {
          "schema_version": 0,
          "attributes": {
            "block_public_acls": true,
            "block_public_policy": true,
            "bucket": "sandbox-sasaki-private-pragmatic-terraform",
            "id": "sandbox-sasaki-private-pragmatic-terraform",
            "ignore_public_acls": true,
            "restrict_public_buckets": true
          },
          "private": "bnVsbA==",
          "depends_on": [
            "aws_s3_bucket.private"
          ]
        }
      ]
    },
    {
      "mode": "managed",
      "type": "aws_subnet",
      "name": "public",
      "provider": "provider.aws",
      "instances": [
        {
          "schema_version": 1,
          "attributes": {
            "arn": "arn:aws:ec2:ap-northeast-1:290549413819:subnet/subnet-094ae47c5d0d936ff",
            "assign_ipv6_address_on_creation": false,
            "availability_zone": "ap-northeast-1a",
            "availability_zone_id": "apne1-az4",
            "cidr_block": "10.0.0.0/24",
            "id": "subnet-094ae47c5d0d936ff",
            "ipv6_cidr_block": "",
            "ipv6_cidr_block_association_id": "",
            "map_public_ip_on_launch": true,
            "owner_id": "290549413819",
            "tags": {
              "Name": "public"
            },
            "timeouts": null,
            "vpc_id": "vpc-079f362a5a97f0035"
          },
          "private": "eyJlMmJmYjczMC1lY2FhLTExZTYtOGY4OC0zNDM2M2JjN2M0YzAiOnsiY3JlYXRlIjo2MDAwMDAwMDAwMDAsImRlbGV0ZSI6MTIwMDAwMDAwMDAwMH0sInNjaGVtYV92ZXJzaW9uIjoiMSJ9",
          "depends_on": [
            "aws_vpc.example"
          ]
        }
      ]
    },
    {
      "mode": "managed",
      "type": "aws_vpc",
      "name": "example",
      "provider": "provider.aws",
      "instances": [
        {
          "schema_version": 1,
          "attributes": {
            "arn": "arn:aws:ec2:ap-northeast-1:290549413819:vpc/vpc-079f362a5a97f0035",
            "assign_generated_ipv6_cidr_block": false,
            "cidr_block": "10.0.0.0/16",
            "default_network_acl_id": "acl-0d8655f342d0d8a18",
            "default_route_table_id": "rtb-09fe7fbd14b51c791",
            "default_security_group_id": "sg-0e948bdccc81e09ee",
            "dhcp_options_id": "dopt-d8130ebf",
            "enable_classiclink": false,
            "enable_classiclink_dns_support": false,
            "enable_dns_hostnames": true,
            "enable_dns_support": true,
            "id": "vpc-079f362a5a97f0035",
            "instance_tenancy": "default",
            "ipv6_association_id": "",
            "ipv6_cidr_block": "",
            "main_route_table_id": "rtb-09fe7fbd14b51c791",
            "owner_id": "290549413819",
            "tags": {
              "Name": "example"
            }
          },
          "private": "eyJzY2hlbWFfdmVyc2lvbiI6IjEifQ=="
        }
      ]
    }
  ]
}
