{
  "version": 4,
  "terraform_version": "0.12.5",
  "serial": 130,
  "lineage": "4297de74-d8ae-1d04-af32-ed08fdac152d",
  "outputs": {},
  "resources": [
    {
      "mode": "data",
      "type": "aws_iam_policy_document",
      "name": "allow_describe_regions",
      "provider": "provider.aws",
      "instances": [
        {
          "schema_version": 0,
          "attributes": {
            "id": "398097266",
            "json": "{\n  \"Version\": \"2012-10-17\",\n  \"Statement\": [\n    {\n      \"Sid\": \"\",\n      \"Effect\": \"Allow\",\n      \"Action\": \"ec2:DescribeRegions\",\n      \"Resource\": \"*\"\n    }\n  ]\n}",
            "override_json": null,
            "policy_id": null,
            "source_json": null,
            "statement": [
              {
                "actions": [
                  "ec2:DescribeRegions"
                ],
                "condition": [],
                "effect": "Allow",
                "not_actions": [],
                "not_principals": [],
                "not_resources": [],
                "principals": [],
                "resources": [
                  "*"
                ],
                "sid": ""
              }
            ],
            "version": "2012-10-17"
          }
        }
      ]
    },
    {
      "module": "module.describe_regions_for_ec2",
      "mode": "data",
      "type": "aws_iam_policy_document",
      "name": "assume_role",
      "provider": "provider.aws",
      "instances": [
        {
          "schema_version": 0,
          "attributes": {
            "id": "1903849331",
            "json": "{\n  \"Version\": \"2012-10-17\",\n  \"Statement\": [\n    {\n      \"Sid\": \"\",\n      \"Effect\": \"Allow\",\n      \"Action\": \"sts:AssumeRole\",\n      \"Principal\": {\n        \"Service\": \"ec2.amazonaws.com\"\n      }\n    }\n  ]\n}",
            "override_json": null,
            "policy_id": null,
            "source_json": null,
            "statement": [
              {
                "actions": [
                  "sts:AssumeRole"
                ],
                "condition": [],
                "effect": "Allow",
                "not_actions": [],
                "not_principals": [],
                "not_resources": [],
                "principals": [
                  {
                    "identifiers": [
                      "ec2.amazonaws.com"
                    ],
                    "type": "Service"
                  }
                ],
                "resources": [],
                "sid": ""
              }
            ],
            "version": "2012-10-17"
          }
        }
      ]
    },
    {
      "module": "module.describe_regions_for_ec2",
      "mode": "managed",
      "type": "aws_iam_policy",
      "name": "default",
      "provider": "provider.aws",
      "instances": [
        {
          "schema_version": 0,
          "attributes": {
            "arn": "arn:aws:iam::290549413819:policy/describe-regions-for-ec2",
            "description": "",
            "id": "arn:aws:iam::290549413819:policy/describe-regions-for-ec2",
            "name": "describe-regions-for-ec2",
            "name_prefix": null,
            "path": "/",
            "policy": "{\n  \"Version\": \"2012-10-17\",\n  \"Statement\": [\n    {\n      \"Sid\": \"\",\n      \"Effect\": \"Allow\",\n      \"Action\": \"ec2:DescribeRegions\",\n      \"Resource\": \"*\"\n    }\n  ]\n}"
          },
          "private": "bnVsbA=="
        }
      ]
    },
    {
      "module": "module.describe_regions_for_ec2",
      "mode": "managed",
      "type": "aws_iam_role",
      "name": "default",
      "provider": "provider.aws",
      "instances": [
        {
          "schema_version": 0,
          "attributes": {
            "arn": "arn:aws:iam::290549413819:role/describe-regions-for-ec2",
            "assume_role_policy": "{\"Version\":\"2012-10-17\",\"Statement\":[{\"Sid\":\"\",\"Effect\":\"Allow\",\"Principal\":{\"Service\":\"ec2.amazonaws.com\"},\"Action\":\"sts:AssumeRole\"}]}",
            "create_date": "2021-06-05T14:05:22Z",
            "description": "",
            "force_detach_policies": false,
            "id": "describe-regions-for-ec2",
            "max_session_duration": 3600,
            "name": "describe-regions-for-ec2",
            "name_prefix": null,
            "path": "/",
            "permissions_boundary": null,
            "tags": {},
            "unique_id": "AROAUHJQYG65RILM2MSRQ"
          },
          "private": "bnVsbA==",
          "depends_on": [
            "data.aws_iam_policy_document.assume_role"
          ]
        }
      ]
    },
    {
      "module": "module.describe_regions_for_ec2",
      "mode": "managed",
      "type": "aws_iam_role_policy_attachment",
      "name": "default",
      "provider": "provider.aws",
      "instances": [
        {
          "schema_version": 0,
          "attributes": {
            "id": "describe-regions-for-ec2-20210605140524940300000001",
            "policy_arn": "arn:aws:iam::290549413819:policy/describe-regions-for-ec2",
            "role": "describe-regions-for-ec2"
          },
          "private": "bnVsbA==",
          "depends_on": [
            "aws_iam_policy.default",
            "aws_iam_role.default"
          ]
        }
      ]
    },
    {
      "mode": "managed",
      "type": "aws_s3_bucket",
      "name": "private",
      "provider": "provider.aws",
      "instances": [
        {
          "schema_version": 0,
          "attributes": {
            "acceleration_status": "",
            "acl": "private",
            "arn": "arn:aws:s3:::sandbox-sasaki-private-pragmatic-terraform",
            "bucket": "sandbox-sasaki-private-pragmatic-terraform",
            "bucket_domain_name": "sandbox-sasaki-private-pragmatic-terraform.s3.amazonaws.com",
            "bucket_prefix": null,
            "bucket_regional_domain_name": "sandbox-sasaki-private-pragmatic-terraform.s3.ap-northeast-1.amazonaws.com",
            "cors_rule": [],
            "force_destroy": false,
            "hosted_zone_id": "Z2M4EHUR26P7ZW",
            "id": "sandbox-sasaki-private-pragmatic-terraform",
            "lifecycle_rule": [],
            "logging": [],
            "object_lock_configuration": [],
            "policy": null,
            "region": "ap-northeast-1",
            "replication_configuration": [],
            "request_payer": "BucketOwner",
            "server_side_encryption_configuration": [
              {
                "rule": [
                  {
                    "apply_server_side_encryption_by_default": [
                      {
                        "kms_master_key_id": "",
                        "sse_algorithm": "AES256"
                      }
                    ]
                  }
                ]
              }
            ],
            "tags": null,
            "versioning": [
              {
                "enabled": true,
                "mfa_delete": false
              }
            ],
            "website": [],
            "website_domain": null,
            "website_endpoint": null
          },
          "private": "bnVsbA=="
        }
      ]
    },
    {
      "mode": "managed",
      "type": "aws_subnet",
      "name": "my_subnet",
      "provider": "provider.aws",
      "instances": [
        {
          "schema_version": 1,
          "attributes": {
            "arn": "arn:aws:ec2:ap-northeast-1:290549413819:subnet/subnet-05a3fc935662a1d3a",
            "assign_ipv6_address_on_creation": false,
            "availability_zone": "ap-northeast-1c",
            "availability_zone_id": "apne1-az1",
            "cidr_block": "172.16.10.0/24",
            "id": "subnet-05a3fc935662a1d3a",
            "ipv6_cidr_block": "",
            "ipv6_cidr_block_association_id": "",
            "map_public_ip_on_launch": false,
            "owner_id": "290549413819",
            "tags": {
              "Name": "terraform-subnet"
            },
            "timeouts": null,
            "vpc_id": "vpc-0b6568b04111db6c1"
          },
          "private": "eyJlMmJmYjczMC1lY2FhLTExZTYtOGY4OC0zNDM2M2JjN2M0YzAiOnsiY3JlYXRlIjo2MDAwMDAwMDAwMDAsImRlbGV0ZSI6MTIwMDAwMDAwMDAwMH0sInNjaGVtYV92ZXJzaW9uIjoiMSJ9",
          "depends_on": [
            "aws_vpc.my_vpc"
          ]
        }
      ]
    },
    {
      "mode": "managed",
      "type": "aws_vpc",
      "name": "my_vpc",
      "provider": "provider.aws",
      "instances": [
        {
          "schema_version": 1,
          "attributes": {
            "arn": "arn:aws:ec2:ap-northeast-1:290549413819:vpc/vpc-0b6568b04111db6c1",
            "assign_generated_ipv6_cidr_block": false,
            "cidr_block": "172.16.0.0/16",
            "default_network_acl_id": "acl-05b8139e10c983548",
            "default_route_table_id": "rtb-01f853ae21b2628a2",
            "default_security_group_id": "sg-090dbb872b8ac1a97",
            "dhcp_options_id": "dopt-d8130ebf",
            "enable_classiclink": false,
            "enable_classiclink_dns_support": false,
            "enable_dns_hostnames": false,
            "enable_dns_support": true,
            "id": "vpc-0b6568b04111db6c1",
            "instance_tenancy": "default",
            "ipv6_association_id": "",
            "ipv6_cidr_block": "",
            "main_route_table_id": "rtb-01f853ae21b2628a2",
            "owner_id": "290549413819",
            "tags": {
              "Name": "terraform-vpc"
            }
          },
          "private": "eyJzY2hlbWFfdmVyc2lvbiI6IjEifQ=="
        }
      ]
    }
  ]
}
